{
  "name": "blueline-monorepo",
  "lockfileVersion": 3,
  "requires": true,
  "packages": {
    "": {
      "name": "blueline-monorepo",
      "workspaces": [
        "packages/*"
      ]
    },
    "node_modules/@bluelinecli/binary-darwin-arm64": {
      "version": "0.3.0",
      "resolved": "https://registry.npmjs.org/@bluelinecli/binary-darwin-arm64/-/binary-darwin-arm64-0.3.0.tgz",
      "integrity": "sha512-9F4WeKmELmkKlt6s/tAT/kkhXJRZ1VECRBs7gIpUVFXxuetPScc17Ip5TTgnekUvHxSrnQ8ft2BtdHzHRAWm7g==",
      "cpu": [
        "arm64"
      ],
      "license": "MIT",
      "optional": true,
      "os": [
        "darwin"
      ]
    },
    "node_modules/@bluelinecli/binary-darwin-x64": {
      "version": "0.3.0",
      "resolved": "https://registry.npmjs.org/@bluelinecli/binary-darwin-x64/-/binary-darwin-x64-0.3.0.tgz",
      "integrity": "sha512-fb5mt631aGdK+vBaoAN4mvboZLuRyvXz9PiZhXqe0vDTxu/yX9GcWBLGLFRq/5xO9QQToB/0WJ5OXosOi1I0Hw==",
      "cpu": [
        "x64"
      ],
      "license": "MIT",
      "optional": true,
      "os": [
        "darwin"
      ]
    },
    "node_modules/@bluelinecli/binary-linux-arm64-gnu": {
      "version": "0.3.0",
      "resolved": "https://registry.npmjs.org/@bluelinecli/binary-linux-arm64-gnu/-/binary-linux-arm64-gnu-0.3.0.tgz",
      "integrity": "sha512-KbTnT/t+2cSOOKBnJNofrAFDjxSV40VQoCjEFAA4YEeMohdPBtnHXb7bPrtQSB8cIMzBTaqnftAKYLC/dZ28rw==",
      "cpu": [
        "arm64"
      ],
      "libc": [
        "glibc"
      ],
      "license": "MIT",
      "optional": true,
      "os": [
        "linux"
      ]
    },
    "node_modules/@bluelinecli/binary-linux-x64-gnu": {
      "version": "0.1.0",
      "resolved": "https://registry.npmjs.org/@bluelinecli/binary-linux-x64-gnu/-/binary-linux-x64-gnu-0.1.0.tgz",
      "integrity": "sha512-zBtMKtsxJRFF6CT2Czj2+rNPwMOtHzMXFEwqzimrzL7tflUatJdqE1ob9KM9q4sG9R3Y9vXPkE4ItY17z3UGKg==",
      "cpu": [
        "x64"
      ],
      "license": "MIT",
      "optional": true,
      "os": [
        "linux"
      ]
    },
    "node_modules/@bluelinecli/binary-linux-x64-musl": {
      "version": "0.3.0",
      "resolved": "https://registry.npmjs.org/@bluelinecli/binary-linux-x64-musl/-/binary-linux-x64-musl-0.3.0.tgz",
      "integrity": "sha512-3JjYsUbvQduDZyWFKUx2jvI1VJnG47DPsfL/7xo8E52ky03ydzIotVd0muHwF/i19ROnFnqsvEbIWkPZHuoSYg==",
      "cpu": [
        "x64"
      ],
      "libc": [
        "musl"
      ],
      "license": "MIT",
      "optional": true,
      "os": [
        "linux"
      ]
    },
    "node_modules/@bluelinecli/binary-win32-arm64": {
      "version": "0.3.0",
      "resolved": "https://registry.npmjs.org/@bluelinecli/binary-win32-arm64/-/binary-win32-arm64-0.3.0.tgz",
      "integrity": "sha512-pGjK0v4GvnOZBF03j0SJmE/CXImTIx3Pj++e08pbYlRnRDGZn8h+7EOnfssfSzNF7Rv8lrymhpE7KZl6Vtxt5g==",
      "cpu": [
        "arm64"
      ],
      "license": "MIT",
      "optional": true,
      "os": [
        "win32"
      ]
    },
    "node_modules/@bluelinecli/binary-win32-x64": {
      "version": "0.3.0",
      "resolved": "https://registry.npmjs.org/@bluelinecli/binary-win32-x64/-/binary-win32-x64-0.3.0.tgz",
      "integrity": "sha512-UcUAjVrmrvKJj7f+9NdvRFQH+A39wN+9EsBOnKRgUVYqxA45WvbMqS9xNVdhLlGkcK/8U9YSoesF703bzlop/w==",
      "cpu": [
        "x64"
      ],
      "license": "MIT",
      "optional": true,
      "os": [
        "win32"
      ]
    },
    "node_modules/@bluelinecli/cli": {
      "resolved": "packages/blueline",
      "link": true
    },
    "node_modules/blueline": {
      "resolved": "packages/npx",
      "link": true
    },
    "packages/blueline": {
      "name": "@bluelinecli/cli",
      "version": "0.3.0",
      "license": "MIT",
      "bin": {
        "blueline": "bin/blueline.js"
      },
      "engines": {
        "node": ">=18.0.0"
      },
      "optionalDependencies": {
        "@bluelinecli/binary-darwin-arm64": "*",
        "@bluelinecli/binary-darwin-x64": "*",
        "@bluelinecli/binary-linux-arm64-gnu": "*",
        "@bluelinecli/binary-linux-x64-gnu": "*",
        "@bluelinecli/binary-linux-x64-musl": "*",
        "@bluelinecli/binary-win32-arm64": "*",
        "@bluelinecli/binary-win32-x64": "*"
      }
    },
    "packages/npx": {
      "name": "blueline",
      "version": "0.3.0",
      "license": "MIT",
      "bin": {
        "blueline": "bin/blueline.js"
      },
      "engines": {
        "node": ">=18.0.0"
      },
      "optionalDependencies": {
        "@bluelinecli/binary-darwin-arm64": "*",
        "@bluelinecli/binary-darwin-x64": "*",
        "@bluelinecli/binary-linux-arm64-gnu": "*",
        "@bluelinecli/binary-linux-x64-gnu": "*",
        "@bluelinecli/binary-linux-x64-musl": "*",
        "@bluelinecli/binary-win32-arm64": "*",
        "@bluelinecli/binary-win32-x64": "*"
      }
    }
  }
}
